
Microsoft Visual Studio Solution File, Format Version 12.00
# Visual Studio Version 16
VisualStudioVersion = 16.0.30011.22
MinimumVisualStudioVersion = 10.0.40219.1
Project("{FAE04EC0-301F-11D3-BF4B-00C04F79EFBC}") = "MvcMovie", "MvcMovie.csproj", "{661615DB-33F4-4480-9DFA-500842BD4E8E}"
EndProject
Global
	GlobalSection(SolutionConfigurationPlatforms) = preSolution
		Debug|Any CPU = Debug|Any CPU
		Release|Any CPU = Release|Any CPU
	EndGlobalSection
	GlobalSection(ProjectConfigurationPlatforms) = postSolution
		{661615DB-33F4-4480-9DFA-500842BD4E8E}.Debug|Any CPU.ActiveCfg = Debug|Any CPU
		{661615DB-33F4-4480-9DFA-500842BD4E8E}.Debug|Any CPU.Build.0 = Debug|Any CPU
		{661615DB-33F4-4480-9DFA-500842BD4E8E}.Release|Any CPU.ActiveCfg = Release|Any CPU
		{661615DB-33F4-4480-9DFA-500842BD4E8E}.Release|Any CPU.Build.0 = Release|Any CPU
	EndGlobalSection
	GlobalSection(SolutionProperties) = preSolution
		HideSolutionNode = FALSE
	EndGlobalSection
	GlobalSection(ExtensibilityGlobals) = postSolution
		SolutionGuid = {7D68176D-84E6-4026-9B3A-1EFE5B002396}
	EndGlobalSection
EndGlobal
